# This file is automatically @generated by Cargo.
# It is not intended for manual editing.
version = 3

[[package]]
name = "byteorder"
version = "1.4.3"
source = "registry+https://github.com/rust-lang/crates.io-index"
checksum = "14c189c53d098945499cdfa7ecc63567cf3886b3332b312a5b4585d8d3a6a610"

[[package]]
name = "byteorder_slice"
version = "3.0.0"
source = "registry+https://github.com/rust-lang/crates.io-index"
checksum = "0b294e30387378958e8bf8f4242131b930ea615ff81e8cac2440cea0a6013190"
dependencies = [
 "byteorder",
]

[[package]]
name = "deer-data"
version = "0.1.0"
dependencies = [
 "pcap-file",
]

[[package]]
name = "derive-into-owned"
version = "0.2.0"
source = "registry+https://github.com/rust-lang/crates.io-index"
checksum = "2c9d94d81e3819a7b06a8638f448bc6339371ca9b6076a99d4a43eece3c4c923"
dependencies = [
 "proc-macro2",
 "quote",
 "syn",
]

[[package]]
name = "pcap-file"
version = "2.0.0"
source = "registry+https://github.com/rust-lang/crates.io-index"
checksum = "1fc1f139757b058f9f37b76c48501799d12c9aa0aa4c0d4c980b062ee925d1b2"
dependencies = [
 "byteorder_slice",
 "derive-into-owned",
 "thiserror",
]

[[package]]
name = "proc-macro2"
version = "1.0.50"
source = "registry+https://github.com/rust-lang/crates.io-index"
checksum = "6ef7d57beacfaf2d8aee5937dab7b7f28de3cb8b1828479bb5de2a7106f2bae2"
dependencies = [
 "unicode-ident",
]

[[package]]
name = "quote"
version = "1.0.23"
source = "registry+https://github.com/rust-lang/crates.io-index"
checksum = "8856d8364d252a14d474036ea1358d63c9e6965c8e5c1885c18f73d70bff9c7b"
dependencies = [
 "proc-macro2",
]

[[package]]
name = "syn"
version = "1.0.107"
source = "registry+https://github.com/rust-lang/crates.io-index"
checksum = "1f4064b5b16e03ae50984a5a8ed5d4f8803e6bc1fd170a3cda91a1be4b18e3f5"
dependencies = [
 "proc-macro2",
 "quote",
 "unicode-ident",
]

[[package]]
name = "thiserror"
version = "1.0.38"
source = "registry+https://github.com/rust-lang/crates.io-index"
checksum = "6a9cd18aa97d5c45c6603caea1da6628790b37f7a34b6ca89522331c5180fed0"
dependencies = [
 "thiserror-impl",
]

[[package]]
name = "thiserror-impl"
version = "1.0.38"
source = "registry+https://github.com/rust-lang/crates.io-index"
checksum = "1fb327af4685e4d03fa8cbcf1716380da910eeb2bb8be417e7f9fd3fb164f36f"
dependencies = [
 "proc-macro2",
 "quote",
 "syn",
]

[[package]]
name = "unicode-ident"
version = "1.0.6"
source = "registry+https://github.com/rust-lang/crates.io-index"
checksum = "84a22b9f218b40614adcb3f4ff08b703773ad44fa9423e4e0d346d5db86e4ebc"
